
Microsoft Visual Studio Solution File, Format Version 12.00
# Visual Studio Version 16
VisualStudioVersion = 16.0.29519.87
MinimumVisualStudioVersion = 10.0.40219.1
Project("{FAE04EC0-301F-11D3-BF4B-00C04F79EFBC}") = "WeddingPlannerApp", "WeddingPlannerApp\WeddingPlannerApp.csproj", "{1B3DCAB5-ACE0-4F86-8BC5-43477159B6AB}"
EndProject
Global
	GlobalSection(SolutionConfigurationPlatforms) = preSolution
		Debug|Any CPU = Debug|Any CPU
		Release|Any CPU = Release|Any CPU
	EndGlobalSection
	GlobalSection(ProjectConfigurationPlatforms) = postSolution
		{1B3DCAB5-ACE0-4F86-8BC5-43477159B6AB}.Debug|Any CPU.ActiveCfg = Debug|Any CPU
		{1B3DCAB5-ACE0-4F86-8BC5-43477159B6AB}.Debug|Any CPU.Build.0 = Debug|Any CPU
		{1B3DCAB5-ACE0-4F86-8BC5-43477159B6AB}.Release|Any CPU.ActiveCfg = Release|Any CPU
		{1B3DCAB5-ACE0-4F86-8BC5-43477159B6AB}.Release|Any CPU.Build.0 = Release|Any CPU
	EndGlobalSection
	GlobalSection(SolutionProperties) = preSolution
		HideSolutionNode = FALSE
	EndGlobalSection
	GlobalSection(ExtensibilityGlobals) = postSolution
		SolutionGuid = {DCD77F6C-A623-42BC-91E3-1F19D7C517E4}
	EndGlobalSection
EndGlobal
